// !$*UTF8*$!
{
	archiveVersion = 1;
	classes = {
	};
	objectVersion = 56;
	objects = {

/* Begin PBXBuildFile section */
		48E4EAD92B1008CB00E9C344 /* SwiftMenuDemoApp.swift in Sources */ = {isa = PBXBuildFile; fileRef = 48E4EAD82B1008CB00E9C344 /* SwiftMenuDemoApp.swift */; };
		48E4EADB2B1008CB00E9C344 /* ContentView.swift in Sources */ = {isa = PBXBuildFile; fileRef = 48E4EADA2B1008CB00E9C344 /* ContentView.swift */; };
		48E4EADD2B1008CC00E9C344 /* Assets.xcassets in Resources */ = {isa = PBXBuildFile; fileRef = 48E4EADC2B1008CC00E9C344 /* Assets.xcassets */; };
		48E4EAE02B1008CC00E9C344 /* Preview Assets.xcassets in Resources */ = {isa = PBXBuildFile; fileRef = 48E4EADF2B1008CC00E9C344 /* Preview Assets.xcassets */; };
		48E4EAEA2B1008CC00E9C344 /* SwiftMenuDemoTests.swift in Sources */ = {isa = PBXBuildFile; fileRef = 48E4EAE92B1008CC00E9C344 /* SwiftMenuDemoTests.swift */; };
		48E4EAF42B1008CC00E9C344 /* SwiftMenuDemoUITests.swift in Sources */ = {isa = PBXBuildFile; fileRef = 48E4EAF32B1008CC00E9C344 /* SwiftMenuDemoUITests.swift */; };
		48E4EAF62B1008CC00E9C344 /* SwiftMenuDemoUITestsLaunchTests.swift in Sources */ = {isa = PBXBuildFile; fileRef = 48E4EAF52B1008CC00E9C344 /* SwiftMenuDemoUITestsLaunchTests.swift */; };
		48E4EB092B10096100E9C344 /* menu.json in Resources */ = {isa = PBXBuildFile; fileRef = 48E4EB042B10096100E9C344 /* menu.json */; };
		48E4EB0A2B10096100E9C344 /* Helper.swift in Sources */ = {isa = PBXBuildFile; fileRef = 48E4EB052B10096100E9C344 /* Helper.swift */; };
		48E4EB0B2B10096100E9C344 /* Order.swift in Sources */ = {isa = PBXBuildFile; fileRef = 48E4EB062B10096100E9C344 /* Order.swift */; };
		48E4EB0D2B100EE800E9C344 /* itemRow.swift in Sources */ = {isa = PBXBuildFile; fileRef = 48E4EB0C2B100EE800E9C344 /* itemRow.swift */; };
		48E4EB102B1020EB00E9C344 /* Menu.swift in Sources */ = {isa = PBXBuildFile; fileRef = 48E4EB0F2B1020C200E9C344 /* Menu.swift */; };
		48E4EB122B10240F00E9C344 /* itemDetail.swift in Sources */ = {isa = PBXBuildFile; fileRef = 48E4EB112B10240F00E9C344 /* itemDetail.swift */; };
		48E4EB142B1034CD00E9C344 /* orderView.swift in Sources */ = {isa = PBXBuildFile; fileRef = 48E4EB132B1034CD00E9C344 /* orderView.swift */; };
		48E4EB162B103A2700E9C344 /* mainView.swift in Sources */ = {isa = PBXBuildFile; fileRef = 48E4EB152B103A2700E9C344 /* mainView.swift */; };
		48E4EB182B1BF6E300E9C344 /* checkoutView.swift in Sources */ = {isa = PBXBuildFile; fileRef = 48E4EB172B1BF6E300E9C344 /* checkoutView.swift */; };
/* End PBXBuildFile section */

/* Begin PBXContainerItemProxy section */
		48E4EAE62B1008CC00E9C344 /* PBXContainerItemProxy */ = {
			isa = PBXContainerItemProxy;
			containerPortal = 48E4EACD2B1008CB00E9C344 /* Project object */;
			proxyType = 1;
			remoteGlobalIDString = 48E4EAD42B1008CB00E9C344;
			remoteInfo = SwiftMenuDemo;
		};
		48E4EAF02B1008CC00E9C344 /* PBXContainerItemProxy */ = {
			isa = PBXContainerItemProxy;
			containerPortal = 48E4EACD2B1008CB00E9C344 /* Project object */;
			proxyType = 1;
			remoteGlobalIDString = 48E4EAD42B1008CB00E9C344;
			remoteInfo = SwiftMenuDemo;
		};
/* End PBXContainerItemProxy section */

/* Begin PBXFileReference section */
		48E4EAD52B1008CB00E9C344 /* SwiftMenuDemo.app */ = {isa = PBXFileReference; explicitFileType = wrapper.application; includeInIndex = 0; path = SwiftMenuDemo.app; sourceTree = BUILT_PRODUCTS_DIR; };
		48E4EAD82B1008CB00E9C344 /* SwiftMenuDemoApp.swift */ = {isa = PBXFileReference; lastKnownFileType = sourcecode.swift; path = SwiftMenuDemoApp.swift; sourceTree = "<group>"; };
		48E4EADA2B1008CB00E9C344 /* ContentView.swift */ = {isa = PBXFileReference; lastKnownFileType = sourcecode.swift; path = ContentView.swift; sourceTree = "<group>"; };
		48E4EADC2B1008CC00E9C344 /* Assets.xcassets */ = {isa = PBXFileReference; lastKnownFileType = folder.assetcatalog; path = Assets.xcassets; sourceTree = "<group>"; };
		48E4EADF2B1008CC00E9C344 /* Preview Assets.xcassets */ = {isa = PBXFileReference; lastKnownFileType = folder.assetcatalog; path = "Preview Assets.xcassets"; sourceTree = "<group>"; };
		48E4EAE52B1008CC00E9C344 /* SwiftMenuDemoTests.xctest */ = {isa = PBXFileReference; explicitFileType = wrapper.cfbundle; includeInIndex = 0; path = SwiftMenuDemoTests.xctest; sourceTree = BUILT_PRODUCTS_DIR; };
		48E4EAE92B1008CC00E9C344 /* SwiftMenuDemoTests.swift */ = {isa = PBXFileReference; lastKnownFileType = sourcecode.swift; path = SwiftMenuDemoTests.swift; sourceTree = "<group>"; };
		48E4EAEF2B1008CC00E9C344 /* SwiftMenuDemoUITests.xctest */ = {isa = PBXFileReference; explicitFileType = wrapper.cfbundle; includeInIndex = 0; path = SwiftMenuDemoUITests.xctest; sourceTree = BUILT_PRODUCTS_DIR; };
		48E4EAF32B1008CC00E9C344 /* SwiftMenuDemoUITests.swift */ = {isa = PBXFileReference; lastKnownFileType = sourcecode.swift; path = SwiftMenuDemoUITests.swift; sourceTree = "<group>"; };
		48E4EAF52B1008CC00E9C344 /* SwiftMenuDemoUITestsLaunchTests.swift */ = {isa = PBXFileReference; lastKnownFileType = sourcecode.swift; path = SwiftMenuDemoUITestsLaunchTests.swift; sourceTree = "<group>"; };
		48E4EB042B10096100E9C344 /* menu.json */ = {isa = PBXFileReference; fileEncoding = 4; lastKnownFileType = text.json; name = menu.json; path = ../../../../Downloads/idine/menu.json; sourceTree = "<group>"; };
		48E4EB052B10096100E9C344 /* Helper.swift */ = {isa = PBXFileReference; fileEncoding = 4; lastKnownFileType = sourcecode.swift; name = Helper.swift; path = ../../../../Downloads/idine/Helper.swift; sourceTree = "<group>"; };
		48E4EB062B10096100E9C344 /* Order.swift */ = {isa = PBXFileReference; fileEncoding = 4; lastKnownFileType = sourcecode.swift; name = Order.swift; path = ../../../../Downloads/idine/Order.swift; sourceTree = "<group>"; };
		48E4EB0C2B100EE800E9C344 /* itemRow.swift */ = {isa = PBXFileReference; lastKnownFileType = sourcecode.swift; path = itemRow.swift; sourceTree = "<group>"; };
		48E4EB0F2B1020C200E9C344 /* Menu.swift */ = {isa = PBXFileReference; lastKnownFileType = sourcecode.swift; path = Menu.swift; sourceTree = "<group>"; };
		48E4EB112B10240F00E9C344 /* itemDetail.swift */ = {isa = PBXFileReference; lastKnownFileType = sourcecode.swift; path = itemDetail.swift; sourceTree = "<group>"; };
		48E4EB132B1034CD00E9C344 /* orderView.swift */ = {isa = PBXFileReference; lastKnownFileType = sourcecode.swift; path = orderView.swift; sourceTree = "<group>"; };
		48E4EB152B103A2700E9C344 /* mainView.swift */ = {isa = PBXFileReference; lastKnownFileType = sourcecode.swift; path = mainView.swift; sourceTree = "<group>"; };
		48E4EB172B1BF6E300E9C344 /* checkoutView.swift */ = {isa = PBXFileReference; lastKnownFileType = sourcecode.swift; path = checkoutView.swift; sourceTree = "<group>"; };
/* End PBXFileReference section */

/* Begin PBXFrameworksBuildPhase section */
		48E4EAD22B1008CB00E9C344 /* Frameworks */ = {
			isa = PBXFrameworksBuildPhase;
			buildActionMask = 2147483647;
			files = (
			);
			runOnlyForDeploymentPostprocessing = 0;
		};
		48E4EAE22B1008CC00E9C344 /* Frameworks */ = {
			isa = PBXFrameworksBuildPhase;
			buildActionMask = 2147483647;
			files = (
			);
			runOnlyForDeploymentPostprocessing = 0;
		};
		48E4EAEC2B1008CC00E9C344 /* Frameworks */ = {
			isa = PBXFrameworksBuildPhase;
			buildActionMask = 2147483647;
			files = (
			);
			runOnlyForDeploymentPostprocessing = 0;
		};
/* End PBXFrameworksBuildPhase section */

/* Begin PBXGroup section */
		48E4EACC2B1008CB00E9C344 = {
			isa = PBXGroup;
			children = (
				48E4EAD72B1008CB00E9C344 /* SwiftMenuDemo */,
				48E4EAE82B1008CC00E9C344 /* SwiftMenuDemoTests */,
				48E4EAF22B1008CC00E9C344 /* SwiftMenuDemoUITests */,
				48E4EAD62B1008CB00E9C344 /* Products */,
			);
			sourceTree = "<group>";
		};
		48E4EAD62B1008CB00E9C344 /* Products */ = {
			isa = PBXGroup;
			children = (
				48E4EAD52B1008CB00E9C344 /* SwiftMenuDemo.app */,
				48E4EAE52B1008CC00E9C344 /* SwiftMenuDemoTests.xctest */,
				48E4EAEF2B1008CC00E9C344 /* SwiftMenuDemoUITests.xctest */,
			);
			name = Products;
			sourceTree = "<group>";
		};
		48E4EAD72B1008CB00E9C344 /* SwiftMenuDemo */ = {
			isa = PBXGroup;
			children = (
				48E4EB0E2B1020AB00E9C344 /* Models */,
				48E4EB052B10096100E9C344 /* Helper.swift */,
				48E4EB042B10096100E9C344 /* menu.json */,
				48E4EB0F2B1020C200E9C344 /* Menu.swift */,
				48E4EB062B10096100E9C344 /* Order.swift */,
				48E4EAD82B1008CB00E9C344 /* SwiftMenuDemoApp.swift */,
				48E4EADA2B1008CB00E9C344 /* ContentView.swift */,
				48E4EB112B10240F00E9C344 /* itemDetail.swift */,
				48E4EB132B1034CD00E9C344 /* orderView.swift */,
				48E4EB152B103A2700E9C344 /* mainView.swift */,
				48E4EB172B1BF6E300E9C344 /* checkoutView.swift */,
				48E4EB0C2B100EE800E9C344 /* itemRow.swift */,
				48E4EADC2B1008CC00E9C344 /* Assets.xcassets */,
				48E4EADE2B1008CC00E9C344 /* Preview Content */,
			);
			path = SwiftMenuDemo;
			sourceTree = "<group>";
		};
		48E4EADE2B1008CC00E9C344 /* Preview Content */ = {
			isa = PBXGroup;
			children = (
				48E4EADF2B1008CC00E9C344 /* Preview Assets.xcassets */,
			);
			path = "Preview Content";
			sourceTree = "<group>";
		};
		48E4EAE82B1008CC00E9C344 /* SwiftMenuDemoTests */ = {
			isa = PBXGroup;
			children = (
				48E4EAE92B1008CC00E9C344 /* SwiftMenuDemoTests.swift */,
			);
			path = SwiftMenuDemoTests;
			sourceTree = "<group>";
		};
		48E4EAF22B1008CC00E9C344 /* SwiftMenuDemoUITests */ = {
			isa = PBXGroup;
			children = (
				48E4EAF32B1008CC00E9C344 /* SwiftMenuDemoUITests.swift */,
				48E4EAF52B1008CC00E9C344 /* SwiftMenuDemoUITestsLaunchTests.swift */,
			);
			path = SwiftMenuDemoUITests;
			sourceTree = "<group>";
		};
		48E4EB0E2B1020AB00E9C344 /* Models */ = {
			isa = PBXGroup;
			children = (
			);
			path = Models;
			sourceTree = "<group>";
		};
/* End PBXGroup section */

/* Begin PBXNativeTarget section */
		48E4EAD42B1008CB00E9C344 /* SwiftMenuDemo */ = {
			isa = PBXNativeTarget;
			buildConfigurationList = 48E4EAF92B1008CC00E9C344 /* Build configuration list for PBXNativeTarget "SwiftMenuDemo" */;
			buildPhases = (
				48E4EAD12B1008CB00E9C344 /* Sources */,
				48E4EAD22B1008CB00E9C344 /* Frameworks */,
				48E4EAD32B1008CB00E9C344 /* Resources */,
			);
			buildRules = (
			);
			dependencies = (
			);
			name = SwiftMenuDemo;
			productName = SwiftMenuDemo;
			productReference = 48E4EAD52B1008CB00E9C344 /* SwiftMenuDemo.app */;
			productType = "com.apple.product-type.application";
		};
		48E4EAE42B1008CC00E9C344 /* SwiftMenuDemoTests */ = {
			isa = PBXNativeTarget;
			buildConfigurationList = 48E4EAFC2B1008CC00E9C344 /* Build configuration list for PBXNativeTarget "SwiftMenuDemoTests" */;
			buildPhases = (
				48E4EAE12B1008CC00E9C344 /* Sources */,
				48E4EAE22B1008CC00E9C344 /* Frameworks */,
				48E4EAE32B1008CC00E9C344 /* Resources */,
			);
			buildRules = (
			);
			dependencies = (
				48E4EAE72B1008CC00E9C344 /* PBXTargetDependency */,
			);
			name = SwiftMenuDemoTests;
			productName = SwiftMenuDemoTests;
			productReference = 48E4EAE52B1008CC00E9C344 /* SwiftMenuDemoTests.xctest */;
			productType = "com.apple.product-type.bundle.unit-test";
		};
		48E4EAEE2B1008CC00E9C344 /* SwiftMenuDemoUITests */ = {
			isa = PBXNativeTarget;
			buildConfigurationList = 48E4EAFF2B1008CC00E9C344 /* Build configuration list for PBXNativeTarget "SwiftMenuDemoUITests" */;
			buildPhases = (
				48E4EAEB2B1008CC00E9C344 /* Sources */,
				48E4EAEC2B1008CC00E9C344 /* Frameworks */,
				48E4EAED2B1008CC00E9C344 /* Resources */,
			);
			buildRules = (
			);
			dependencies = (
				48E4EAF12B1008CC00E9C344 /* PBXTargetDependency */,
			);
			name = SwiftMenuDemoUITests;
			productName = SwiftMenuDemoUITests;
			productReference = 48E4EAEF2B1008CC00E9C344 /* SwiftMenuDemoUITests.xctest */;
			productType = "com.apple.product-type.bundle.ui-testing";
		};
/* End PBXNativeTarget section */

/* Begin PBXProject section */
		48E4EACD2B1008CB00E9C344 /* Project object */ = {
			isa = PBXProject;
			attributes = {
				BuildIndependentTargetsInParallel = 1;
				LastSwiftUpdateCheck = 1430;
				LastUpgradeCheck = 1430;
				TargetAttributes = {
					48E4EAD42B1008CB00E9C344 = {
						CreatedOnToolsVersion = 14.3.1;
					};
					48E4EAE42B1008CC00E9C344 = {
						CreatedOnToolsVersion = 14.3.1;
						TestTargetID = 48E4EAD42B1008CB00E9C344;
					};
					48E4EAEE2B1008CC00E9C344 = {
						CreatedOnToolsVersion = 14.3.1;
						TestTargetID = 48E4EAD42B1008CB00E9C344;
					};
				};
			};
			buildConfigurationList = 48E4EAD02B1008CB00E9C344 /* Build configuration list for PBXProject "SwiftMenuDemo" */;
			compatibilityVersion = "Xcode 14.0";
			developmentRegion = en;
			hasScannedForEncodings = 0;
			knownRegions = (
				en,
				Base,
			);
			mainGroup = 48E4EACC2B1008CB00E9C344;
			productRefGroup = 48E4EAD62B1008CB00E9C344 /* Products */;
			projectDirPath = "";
			projectRoot = "";
			targets = (
				48E4EAD42B1008CB00E9C344 /* SwiftMenuDemo */,
				48E4EAE42B1008CC00E9C344 /* SwiftMenuDemoTests */,
				48E4EAEE2B1008CC00E9C344 /* SwiftMenuDemoUITests */,
			);
		};
/* End PBXProject section */

/* Begin PBXResourcesBuildPhase section */
		48E4EAD32B1008CB00E9C344 /* Resources */ = {
			isa = PBXResourcesBuildPhase;
			buildActionMask = 2147483647;
			files = (
				48E4EAE02B1008CC00E9C344 /* Preview Assets.xcassets in Resources */,
				48E4EB092B10096100E9C344 /* menu.json in Resources */,
				48E4EADD2B1008CC00E9C344 /* Assets.xcassets in Resources */,
			);
			runOnlyForDeploymentPostprocessing = 0;
		};
		48E4EAE32B1008CC00E9C344 /* Resources */ = {
			isa = PBXResourcesBuildPhase;
			buildActionMask = 2147483647;
			files = (
			);
			runOnlyForDeploymentPostprocessing = 0;
		};
		48E4EAED2B1008CC00E9C344 /* Resources */ = {
			isa = PBXResourcesBuildPhase;
			buildActionMask = 2147483647;
			files = (
			);
			runOnlyForDeploymentPostprocessing = 0;
		};
/* End PBXResourcesBuildPhase section */

/* Begin PBXSourcesBuildPhase section */
		48E4EAD12B1008CB00E9C344 /* Sources */ = {
			isa = PBXSourcesBuildPhase;
			buildActionMask = 2147483647;
			files = (
				48E4EB162B103A2700E9C344 /* mainView.swift in Sources */,
				48E4EB102B1020EB00E9C344 /* Menu.swift in Sources */,
				48E4EB182B1BF6E300E9C344 /* checkoutView.swift in Sources */,
				48E4EB142B1034CD00E9C344 /* orderView.swift in Sources */,
				48E4EB0D2B100EE800E9C344 /* itemRow.swift in Sources */,
				48E4EADB2B1008CB00E9C344 /* ContentView.swift in Sources */,
				48E4EB0B2B10096100E9C344 /* Order.swift in Sources */,
				48E4EB122B10240F00E9C344 /* itemDetail.swift in Sources */,
				48E4EAD92B1008CB00E9C344 /* SwiftMenuDemoApp.swift in Sources */,
				48E4EB0A2B10096100E9C344 /* Helper.swift in Sources */,
			);
			runOnlyForDeploymentPostprocessing = 0;
		};
		48E4EAE12B1008CC00E9C344 /* Sources */ = {
			isa = PBXSourcesBuildPhase;
			buildActionMask = 2147483647;
			files = (
				48E4EAEA2B1008CC00E9C344 /* SwiftMenuDemoTests.swift in Sources */,
			);
			runOnlyForDeploymentPostprocessing = 0;
		};
		48E4EAEB2B1008CC00E9C344 /* Sources */ = {
			isa = PBXSourcesBuildPhase;
			buildActionMask = 2147483647;
			files = (
				48E4EAF62B1008CC00E9C344 /* SwiftMenuDemoUITestsLaunchTests.swift in Sources */,
				48E4EAF42B1008CC00E9C344 /* SwiftMenuDemoUITests.swift in Sources */,
			);
			runOnlyForDeploymentPostprocessing = 0;
		};
/* End PBXSourcesBuildPhase section */

/* Begin PBXTargetDependency section */
		48E4EAE72B1008CC00E9C344 /* PBXTargetDependency */ = {
			isa = PBXTargetDependency;
			target = 48E4EAD42B1008CB00E9C344 /* SwiftMenuDemo */;
			targetProxy = 48E4EAE62B1008CC00E9C344 /* PBXContainerItemProxy */;
		};
		48E4EAF12B1008CC00E9C344 /* PBXTargetDependency */ = {
			isa = PBXTargetDependency;
			target = 48E4EAD42B1008CB00E9C344 /* SwiftMenuDemo */;
			targetProxy = 48E4EAF02B1008CC00E9C344 /* PBXContainerItemProxy */;
		};
/* End PBXTargetDependency section */

/* Begin XCBuildConfiguration section */
		48E4EAF72B1008CC00E9C344 /* Debug */ = {
			isa = XCBuildConfiguration;
			buildSettings = {
				ALWAYS_SEARCH_USER_PATHS = NO;
				CLANG_ANALYZER_NONNULL = YES;
				CLANG_ANALYZER_NUMBER_OBJECT_CONVERSION = YES_AGGRESSIVE;
				CLANG_CXX_LANGUAGE_STANDARD = "gnu++20";
				CLANG_ENABLE_MODULES = YES;
				CLANG_ENABLE_OBJC_ARC = YES;
				CLANG_ENABLE_OBJC_WEAK = YES;
				CLANG_WARN_BLOCK_CAPTURE_AUTORELEASING = YES;
				CLANG_WARN_BOOL_CONVERSION = YES;
				CLANG_WARN_COMMA = YES;
				CLANG_WARN_CONSTANT_CONVERSION = YES;
				CLANG_WARN_DEPRECATED_OBJC_IMPLEMENTATIONS = YES;
				CLANG_WARN_DIRECT_OBJC_ISA_USAGE = YES_ERROR;
				CLANG_WARN_DOCUMENTATION_COMMENTS = YES;
				CLANG_WARN_EMPTY_BODY = YES;
				CLANG_WARN_ENUM_CONVERSION = YES;
				CLANG_WARN_INFINITE_RECURSION = YES;
				CLANG_WARN_INT_CONVERSION = YES;
				CLANG_WARN_NON_LITERAL_NULL_CONVERSION = YES;
				CLANG_WARN_OBJC_IMPLICIT_RETAIN_SELF = YES;
				CLANG_WARN_OBJC_LITERAL_CONVERSION = YES;
				CLANG_WARN_OBJC_ROOT_CLASS = YES_ERROR;
				CLANG_WARN_QUOTED_INCLUDE_IN_FRAMEWORK_HEADER = YES;
				CLANG_WARN_RANGE_LOOP_ANALYSIS = YES;
				CLANG_WARN_STRICT_PROTOTYPES = YES;
				CLANG_WARN_SUSPICIOUS_MOVE = YES;
				CLANG_WARN_UNGUARDED_AVAILABILITY = YES_AGGRESSIVE;
				CLANG_WARN_UNREACHABLE_CODE = YES;
				CLANG_WARN__DUPLICATE_METHOD_MATCH = YES;
				COPY_PHASE_STRIP = NO;
				DEBUG_INFORMATION_FORMAT = dwarf;
				ENABLE_STRICT_OBJC_MSGSEND = YES;
				ENABLE_TESTABILITY = YES;
				GCC_C_LANGUAGE_STANDARD = gnu11;
				GCC_DYNAMIC_NO_PIC = NO;
				GCC_NO_COMMON_BLOCKS = YES;
				GCC_OPTIMIZATION_LEVEL = 0;
				GCC_PREPROCESSOR_DEFINITIONS = (
					"DEBUG=1",
					"$(inherited)",
				);
				GCC_WARN_64_TO_32_BIT_CONVERSION = YES;
				GCC_WARN_ABOUT_RETURN_TYPE = YES_ERROR;
				GCC_WARN_UNDECLARED_SELECTOR = YES;
				GCC_WARN_UNINITIALIZED_AUTOS = YES_AGGRESSIVE;
				GCC_WARN_UNUSED_FUNCTION = YES;
				GCC_WARN_UNUSED_VARIABLE = YES;
				IPHONEOS_DEPLOYMENT_TARGET = 16.4;
				MTL_ENABLE_DEBUG_INFO = INCLUDE_SOURCE;
				MTL_FAST_MATH = YES;
				ONLY_ACTIVE_ARCH = YES;
				SDKROOT = iphoneos;
				SWIFT_ACTIVE_COMPILATION_CONDITIONS = DEBUG;
				SWIFT_OPTIMIZATION_LEVEL = "-Onone";
			};
			name = Debug;
		};
		48E4EAF82B1008CC00E9C344 /* Release */ = {
			isa = XCBuildConfiguration;
			buildSettings = {
				ALWAYS_SEARCH_USER_PATHS = NO;
				CLANG_ANALYZER_NONNULL = YES;
				CLANG_ANALYZER_NUMBER_OBJECT_CONVERSION = YES_AGGRESSIVE;
				CLANG_CXX_LANGUAGE_STANDARD = "gnu++20";
				CLANG_ENABLE_MODULES = YES;
				CLANG_ENABLE_OBJC_ARC = YES;
				CLANG_ENABLE_OBJC_WEAK = YES;
				CLANG_WARN_BLOCK_CAPTURE_AUTORELEASING = YES;
				CLANG_WARN_BOOL_CONVERSION = YES;
				CLANG_WARN_COMMA = YES;
				CLANG_WARN_CONSTANT_CONVERSION = YES;
				CLANG_WARN_DEPRECATED_OBJC_IMPLEMENTATIONS = YES;
				CLANG_WARN_DIRECT_OBJC_ISA_USAGE = YES_ERROR;
				CLANG_WARN_DOCUMENTATION_COMMENTS = YES;
				CLANG_WARN_EMPTY_BODY = YES;
				CLANG_WARN_ENUM_CONVERSION = YES;
				CLANG_WARN_INFINITE_RECURSION = YES;
				CLANG_WARN_INT_CONVERSION = YES;
				CLANG_WARN_NON_LITERAL_NULL_CONVERSION = YES;
				CLANG_WARN_OBJC_IMPLICIT_RETAIN_SELF = YES;
				CLANG_WARN_OBJC_LITERAL_CONVERSION = YES;
				CLANG_WARN_OBJC_ROOT_CLASS = YES_ERROR;
				CLANG_WARN_QUOTED_INCLUDE_IN_FRAMEWORK_HEADER = YES;
				CLANG_WARN_RANGE_LOOP_ANALYSIS = YES;
				CLANG_WARN_STRICT_PROTOTYPES = YES;
				CLANG_WARN_SUSPICIOUS_MOVE = YES;
				CLANG_WARN_UNGUARDED_AVAILABILITY = YES_AGGRESSIVE;
				CLANG_WARN_UNREACHABLE_CODE = YES;
				CLANG_WARN__DUPLICATE_METHOD_MATCH = YES;
				COPY_PHASE_STRIP = NO;
				DEBUG_INFORMATION_FORMAT = "dwarf-with-dsym";
				ENABLE_NS_ASSERTIONS = NO;
				ENABLE_STRICT_OBJC_MSGSEND = YES;
				GCC_C_LANGUAGE_STANDARD = gnu11;
				GCC_NO_COMMON_BLOCKS = YES;
				GCC_WARN_64_TO_32_BIT_CONVERSION = YES;
				GCC_WARN_ABOUT_RETURN_TYPE = YES_ERROR;
				GCC_WARN_UNDECLARED_SELECTOR = YES;
				GCC_WARN_UNINITIALIZED_AUTOS = YES_AGGRESSIVE;
				GCC_WARN_UNUSED_FUNCTION = YES;
				GCC_WARN_UNUSED_VARIABLE = YES;
				IPHONEOS_DEPLOYMENT_TARGET = 16.4;
				MTL_ENABLE_DEBUG_INFO = NO;
				MTL_FAST_MATH = YES;
				SDKROOT = iphoneos;
				SWIFT_COMPILATION_MODE = wholemodule;
				SWIFT_OPTIMIZATION_LEVEL = "-O";
				VALIDATE_PRODUCT = YES;
			};
			name = Release;
		};
		48E4EAFA2B1008CC00E9C344 /* Debug */ = {
			isa = XCBuildConfiguration;
			buildSettings = {
				ASSETCATALOG_COMPILER_APPICON_NAME = AppIcon;
				ASSETCATALOG_COMPILER_GLOBAL_ACCENT_COLOR_NAME = AccentColor;
				CODE_SIGN_STYLE = Automatic;
				CURRENT_PROJECT_VERSION = 1;
				DEVELOPMENT_ASSET_PATHS = "\"SwiftMenuDemo/Preview Content\"";
				DEVELOPMENT_TEAM = 24X9A47XW9;
				ENABLE_PREVIEWS = YES;
				GENERATE_INFOPLIST_FILE = YES;
				INFOPLIST_KEY_UIApplicationSceneManifest_Generation = YES;
				INFOPLIST_KEY_UIApplicationSupportsIndirectInputEvents = YES;
				INFOPLIST_KEY_UILaunchScreen_Generation = YES;
				INFOPLIST_KEY_UISupportedInterfaceOrientations_iPad = "UIInterfaceOrientationPortrait UIInterfaceOrientationPortraitUpsideDown UIInterfaceOrientationLandscapeLeft UIInterfaceOrientationLandscapeRight";
				INFOPLIST_KEY_UISupportedInterfaceOrientations_iPhone = "UIInterfaceOrientationPortrait UIInterfaceOrientationLandscapeLeft UIInterfaceOrientationLandscapeRight";
				LD_RUNPATH_SEARCH_PATHS = (
					"$(inherited)",
					"@executable_path/Frameworks",
				);
				MARKETING_VERSION = 1.0;
				PRODUCT_BUNDLE_IDENTIFIER = Lovos.SwiftMenuDemo;
				PRODUCT_NAME = "$(TARGET_NAME)";
				SWIFT_EMIT_LOC_STRINGS = YES;
				SWIFT_VERSION = 5.0;
				TARGETED_DEVICE_FAMILY = "1,2";
			};
			name = Debug;
		};
		48E4EAFB2B1008CC00E9C344 /* Release */ = {
			isa = XCBuildConfiguration;
			buildSettings = {
				ASSETCATALOG_COMPILER_APPICON_NAME = AppIcon;
				ASSETCATALOG_COMPILER_GLOBAL_ACCENT_COLOR_NAME = AccentColor;
				CODE_SIGN_STYLE = Automatic;
				CURRENT_PROJECT_VERSION = 1;
				DEVELOPMENT_ASSET_PATHS = "\"SwiftMenuDemo/Preview Content\"";
				DEVELOPMENT_TEAM = 24X9A47XW9;
				ENABLE_PREVIEWS = YES;
				GENERATE_INFOPLIST_FILE = YES;
				INFOPLIST_KEY_UIApplicationSceneManifest_Generation = YES;
				INFOPLIST_KEY_UIApplicationSupportsIndirectInputEvents = YES;
				INFOPLIST_KEY_UILaunchScreen_Generation = YES;
				INFOPLIST_KEY_UISupportedInterfaceOrientations_iPad = "UIInterfaceOrientationPortrait UIInterfaceOrientationPortraitUpsideDown UIInterfaceOrientationLandscapeLeft UIInterfaceOrientationLandscapeRight";
				INFOPLIST_KEY_UISupportedInterfaceOrientations_iPhone = "UIInterfaceOrientationPortrait UIInterfaceOrientationLandscapeLeft UIInterfaceOrientationLandscapeRight";
				LD_RUNPATH_SEARCH_PATHS = (
					"$(inherited)",
					"@executable_path/Frameworks",
				);
				MARKETING_VERSION = 1.0;
				PRODUCT_BUNDLE_IDENTIFIER = Lovos.SwiftMenuDemo;
				PRODUCT_NAME = "$(TARGET_NAME)";
				SWIFT_EMIT_LOC_STRINGS = YES;
				SWIFT_VERSION = 5.0;
				TARGETED_DEVICE_FAMILY = "1,2";
			};
			name = Release;
		};
		48E4EAFD2B1008CC00E9C344 /* Debug */ = {
			isa = XCBuildConfiguration;
			buildSettings = {
				ALWAYS_EMBED_SWIFT_STANDARD_LIBRARIES = YES;
				BUNDLE_LOADER = "$(TEST_HOST)";
				CODE_SIGN_STYLE = Automatic;
				CURRENT_PROJECT_VERSION = 1;
				DEVELOPMENT_TEAM = 24X9A47XW9;
				GENERATE_INFOPLIST_FILE = YES;
				IPHONEOS_DEPLOYMENT_TARGET = 16.4;
				MARKETING_VERSION = 1.0;
				PRODUCT_BUNDLE_IDENTIFIER = Lovos.SwiftMenuDemoTests;
				PRODUCT_NAME = "$(TARGET_NAME)";
				SWIFT_EMIT_LOC_STRINGS = NO;
				SWIFT_VERSION = 5.0;
				TARGETED_DEVICE_FAMILY = "1,2";
				TEST_HOST = "$(BUILT_PRODUCTS_DIR)/SwiftMenuDemo.app/$(BUNDLE_EXECUTABLE_FOLDER_PATH)/SwiftMenuDemo";
			};
			name = Debug;
		};
		48E4EAFE2B1008CC00E9C344 /* Release */ = {
			isa = XCBuildConfiguration;
			buildSettings = {
				ALWAYS_EMBED_SWIFT_STANDARD_LIBRARIES = YES;
				BUNDLE_LOADER = "$(TEST_HOST)";
				CODE_SIGN_STYLE = Automatic;
				CURRENT_PROJECT_VERSION = 1;
				DEVELOPMENT_TEAM = 24X9A47XW9;
				GENERATE_INFOPLIST_FILE = YES;
				IPHONEOS_DEPLOYMENT_TARGET = 16.4;
				MARKETING_VERSION = 1.0;
				PRODUCT_BUNDLE_IDENTIFIER = Lovos.SwiftMenuDemoTests;
				PRODUCT_NAME = "$(TARGET_NAME)";
				SWIFT_EMIT_LOC_STRINGS = NO;
				SWIFT_VERSION = 5.0;
				TARGETED_DEVICE_FAMILY = "1,2";
				TEST_HOST = "$(BUILT_PRODUCTS_DIR)/SwiftMenuDemo.app/$(BUNDLE_EXECUTABLE_FOLDER_PATH)/SwiftMenuDemo";
			};
			name = Release;
		};
		48E4EB002B1008CC00E9C344 /* Debug */ = {
			isa = XCBuildConfiguration;
			buildSettings = {
				ALWAYS_EMBED_SWIFT_STANDARD_LIBRARIES = YES;
				CODE_SIGN_STYLE = Automatic;
				CURRENT_PROJECT_VERSION = 1;
				DEVELOPMENT_TEAM = 24X9A47XW9;
				GENERATE_INFOPLIST_FILE = YES;
				MARKETING_VERSION = 1.0;
				PRODUCT_BUNDLE_IDENTIFIER = Lovos.SwiftMenuDemoUITests;
				PRODUCT_NAME = "$(TARGET_NAME)";
				SWIFT_EMIT_LOC_STRINGS = NO;
				SWIFT_VERSION = 5.0;
				TARGETED_DEVICE_FAMILY = "1,2";
				TEST_TARGET_NAME = SwiftMenuDemo;
			};
			name = Debug;
		};
		48E4EB012B1008CC00E9C344 /* Release */ = {
			isa = XCBuildConfiguration;
			buildSettings = {
				ALWAYS_EMBED_SWIFT_STANDARD_LIBRARIES = YES;
				CODE_SIGN_STYLE = Automatic;
				CURRENT_PROJECT_VERSION = 1;
				DEVELOPMENT_TEAM = 24X9A47XW9;
				GENERATE_INFOPLIST_FILE = YES;
				MARKETING_VERSION = 1.0;
				PRODUCT_BUNDLE_IDENTIFIER = Lovos.SwiftMenuDemoUITests;
				PRODUCT_NAME = "$(TARGET_NAME)";
				SWIFT_EMIT_LOC_STRINGS = NO;
				SWIFT_VERSION = 5.0;
				TARGETED_DEVICE_FAMILY = "1,2";
				TEST_TARGET_NAME = SwiftMenuDemo;
			};
			name = Release;
		};
/* End XCBuildConfiguration section */

/* Begin XCConfigurationList section */
		48E4EAD02B1008CB00E9C344 /* Build configuration list for PBXProject "SwiftMenuDemo" */ = {
			isa = XCConfigurationList;
			buildConfigurations = (
				48E4EAF72B1008CC00E9C344 /* Debug */,
				48E4EAF82B1008CC00E9C344 /* Release */,
			);
			defaultConfigurationIsVisible = 0;
			defaultConfigurationName = Release;
		};
		48E4EAF92B1008CC00E9C344 /* Build configuration list for PBXNativeTarget "SwiftMenuDemo" */ = {
			isa = XCConfigurationList;
			buildConfigurations = (
				48E4EAFA2B1008CC00E9C344 /* Debug */,
				48E4EAFB2B1008CC00E9C344 /* Release */,
			);
			defaultConfigurationIsVisible = 0;
			defaultConfigurationName = Release;
		};
		48E4EAFC2B1008CC00E9C344 /* Build configuration list for PBXNativeTarget "SwiftMenuDemoTests" */ = {
			isa = XCConfigurationList;
			buildConfigurations = (
				48E4EAFD2B1008CC00E9C344 /* Debug */,
				48E4EAFE2B1008CC00E9C344 /* Release */,
			);
			defaultConfigurationIsVisible = 0;
			defaultConfigurationName = Release;
		};
		48E4EAFF2B1008CC00E9C344 /* Build configuration list for PBXNativeTarget "SwiftMenuDemoUITests" */ = {
			isa = XCConfigurationList;
			buildConfigurations = (
				48E4EB002B1008CC00E9C344 /* Debug */,
				48E4EB012B1008CC00E9C344 /* Release */,
			);
			defaultConfigurationIsVisible = 0;
			defaultConfigurationName = Release;
		};
/* End XCConfigurationList section */
	};
	rootObject = 48E4EACD2B1008CB00E9C344 /* Project object */;
}
